
Microsoft Visual Studio Solution File, Format Version 12.00
# Visual Studio 15
VisualStudioVersion = 15.0.27703.2042
MinimumVisualStudioVersion = 10.0.40219.1
Project("{FAE04EC0-301F-11D3-BF4B-00C04F79EFBC}") = "GaryGuestbook", "GaryGuestbook\GaryGuestbook.csproj", "{5137915A-BB16-442F-9F0E-838191874819}"
EndProject
Project("{FAE04EC0-301F-11D3-BF4B-00C04F79EFBC}") = "TestWinForm", "TestWinForm\TestWinForm.csproj", "{D09FE805-8D4C-4ED4-A38F-3E0E7037FBCE}"
EndProject
Global
	GlobalSection(SolutionConfigurationPlatforms) = preSolution
		Debug|Any CPU = Debug|Any CPU
		Release|Any CPU = Release|Any CPU
	EndGlobalSection
	GlobalSection(ProjectConfigurationPlatforms) = postSolution
		{5137915A-BB16-442F-9F0E-838191874819}.Debug|Any CPU.ActiveCfg = Debug|Any CPU
		{5137915A-BB16-442F-9F0E-838191874819}.Debug|Any CPU.Build.0 = Debug|Any CPU
		{5137915A-BB16-442F-9F0E-838191874819}.Release|Any CPU.ActiveCfg = Release|Any CPU
		{5137915A-BB16-442F-9F0E-838191874819}.Release|Any CPU.Build.0 = Release|Any CPU
		{D09FE805-8D4C-4ED4-A38F-3E0E7037FBCE}.Debug|Any CPU.ActiveCfg = Debug|Any CPU
		{D09FE805-8D4C-4ED4-A38F-3E0E7037FBCE}.Debug|Any CPU.Build.0 = Debug|Any CPU
		{D09FE805-8D4C-4ED4-A38F-3E0E7037FBCE}.Release|Any CPU.ActiveCfg = Release|Any CPU
		{D09FE805-8D4C-4ED4-A38F-3E0E7037FBCE}.Release|Any CPU.Build.0 = Release|Any CPU
	EndGlobalSection
	GlobalSection(SolutionProperties) = preSolution
		HideSolutionNode = FALSE
	EndGlobalSection
	GlobalSection(ExtensibilityGlobals) = postSolution
		SolutionGuid = {888F9C05-7037-49E6-90E7-85FED701DC19}
	EndGlobalSection
EndGlobal
